
Microsoft Visual Studio Solution File, Format Version 12.00
# Visual Studio Version 17
VisualStudioVersion = 17.9.34622.214
MinimumVisualStudioVersion = 10.0.40219.1
Project("{FAE04EC0-301F-11D3-BF4B-00C04F79EFBC}") = "ASP.NET Core Exam", "ASP.NET Core Exam\ASP.NET Core Exam.csproj", "{A835F05D-6E7F-41A9-B424-CEB7B6805DC8}"
EndProject
Project("{FAE04EC0-301F-11D3-BF4B-00C04F79EFBC}") = "Data", "Data\Data.csproj", "{1F2909EB-5C05-4C38-AECC-84890205A2ED}"
EndProject
Global
	GlobalSection(SolutionConfigurationPlatforms) = preSolution
		Debug|Any CPU = Debug|Any CPU
		Release|Any CPU = Release|Any CPU
	EndGlobalSection
	GlobalSection(ProjectConfigurationPlatforms) = postSolution
		{A835F05D-6E7F-41A9-B424-CEB7B6805DC8}.Debug|Any CPU.ActiveCfg = Debug|Any CPU
		{A835F05D-6E7F-41A9-B424-CEB7B6805DC8}.Debug|Any CPU.Build.0 = Debug|Any CPU
		{A835F05D-6E7F-41A9-B424-CEB7B6805DC8}.Release|Any CPU.ActiveCfg = Release|Any CPU
		{A835F05D-6E7F-41A9-B424-CEB7B6805DC8}.Release|Any CPU.Build.0 = Release|Any CPU
		{1F2909EB-5C05-4C38-AECC-84890205A2ED}.Debug|Any CPU.ActiveCfg = Debug|Any CPU
		{1F2909EB-5C05-4C38-AECC-84890205A2ED}.Debug|Any CPU.Build.0 = Debug|Any CPU
		{1F2909EB-5C05-4C38-AECC-84890205A2ED}.Release|Any CPU.ActiveCfg = Release|Any CPU
		{1F2909EB-5C05-4C38-AECC-84890205A2ED}.Release|Any CPU.Build.0 = Release|Any CPU
	EndGlobalSection
	GlobalSection(SolutionProperties) = preSolution
		HideSolutionNode = FALSE
	EndGlobalSection
	GlobalSection(ExtensibilityGlobals) = postSolution
		SolutionGuid = {B4777D11-CC62-4B6A-9AE5-D9FE7B638C2F}
	EndGlobalSection
EndGlobal
